// !$*UTF8*$!
{
	archiveVersion = 1;
	classes = {
	};
	objectVersion = 55;
	objects = {

/* Begin PBXBuildFile section */
		2C0988DA27CB1CFB00F9CE6D /* AppDelegate.swift in Sources */ = {isa = PBXBuildFile; fileRef = 2C0988D927CB1CFB00F9CE6D /* AppDelegate.swift */; };
		2C0988DC27CB1CFB00F9CE6D /* SceneDelegate.swift in Sources */ = {isa = PBXBuildFile; fileRef = 2C0988DB27CB1CFB00F9CE6D /* SceneDelegate.swift */; };
		2C0988DE27CB1CFB00F9CE6D /* ViewController.swift in Sources */ = {isa = PBXBuildFile; fileRef = 2C0988DD27CB1CFB00F9CE6D /* ViewController.swift */; };
		2C0988E127CB1CFC00F9CE6D /* Main.storyboard in Resources */ = {isa = PBXBuildFile; fileRef = 2C0988DF27CB1CFC00F9CE6D /* Main.storyboard */; };
		2C0988E327CB1D0600F9CE6D /* Assets.xcassets in Resources */ = {isa = PBXBuildFile; fileRef = 2C0988E227CB1D0600F9CE6D /* Assets.xcassets */; };
		2C0988E627CB1D0600F9CE6D /* LaunchScreen.storyboard in Resources */ = {isa = PBXBuildFile; fileRef = 2C0988E427CB1D0600F9CE6D /* LaunchScreen.storyboard */; };
		2C0988F127CB1D0700F9CE6D /* FlixTests.swift in Sources */ = {isa = PBXBuildFile; fileRef = 2C0988F027CB1D0700F9CE6D /* FlixTests.swift */; };
		2C0988FB27CB1D0700F9CE6D /* FlixUITests.swift in Sources */ = {isa = PBXBuildFile; fileRef = 2C0988FA27CB1D0700F9CE6D /* FlixUITests.swift */; };
		2C0988FD27CB1D0700F9CE6D /* FlixUITestsLaunchTests.swift in Sources */ = {isa = PBXBuildFile; fileRef = 2C0988FC27CB1D0700F9CE6D /* FlixUITestsLaunchTests.swift */; };
		2C09890A27CB337C00F9CE6D /* MoviesViewController.swift in Sources */ = {isa = PBXBuildFile; fileRef = 2C09890927CB337C00F9CE6D /* MoviesViewController.swift */; };
		2C09890C27CC230400F9CE6D /* MovieCell.swift in Sources */ = {isa = PBXBuildFile; fileRef = 2C09890B27CC230400F9CE6D /* MovieCell.swift */; };
		2C09890F27CC289100F9CE6D /* AlamofireImage in Frameworks */ = {isa = PBXBuildFile; productRef = 2C09890E27CC289100F9CE6D /* AlamofireImage */; };
/* End PBXBuildFile section */

/* Begin PBXContainerItemProxy section */
		2C0988ED27CB1D0700F9CE6D /* PBXContainerItemProxy */ = {
			isa = PBXContainerItemProxy;
			containerPortal = 2C0988CE27CB1CFB00F9CE6D /* Project object */;
			proxyType = 1;
			remoteGlobalIDString = 2C0988D527CB1CFB00F9CE6D;
			remoteInfo = Flix;
		};
		2C0988F727CB1D0700F9CE6D /* PBXContainerItemProxy */ = {
			isa = PBXContainerItemProxy;
			containerPortal = 2C0988CE27CB1CFB00F9CE6D /* Project object */;
			proxyType = 1;
			remoteGlobalIDString = 2C0988D527CB1CFB00F9CE6D;
			remoteInfo = Flix;
		};
/* End PBXContainerItemProxy section */

/* Begin PBXFileReference section */
		2C0988D627CB1CFB00F9CE6D /* Flix.app */ = {isa = PBXFileReference; explicitFileType = wrapper.application; includeInIndex = 0; path = Flix.app; sourceTree = BUILT_PRODUCTS_DIR; };
		2C0988D927CB1CFB00F9CE6D /* AppDelegate.swift */ = {isa = PBXFileReference; lastKnownFileType = sourcecode.swift; path = AppDelegate.swift; sourceTree = "<group>"; };
		2C0988DB27CB1CFB00F9CE6D /* SceneDelegate.swift */ = {isa = PBXFileReference; lastKnownFileType = sourcecode.swift; path = SceneDelegate.swift; sourceTree = "<group>"; };
		2C0988DD27CB1CFB00F9CE6D /* ViewController.swift */ = {isa = PBXFileReference; lastKnownFileType = sourcecode.swift; path = ViewController.swift; sourceTree = "<group>"; };
		2C0988E027CB1CFC00F9CE6D /* Base */ = {isa = PBXFileReference; lastKnownFileType = file.storyboard; name = Base; path = Base.lproj/Main.storyboard; sourceTree = "<group>"; };
		2C0988E227CB1D0600F9CE6D /* Assets.xcassets */ = {isa = PBXFileReference; lastKnownFileType = folder.assetcatalog; path = Assets.xcassets; sourceTree = "<group>"; };
		2C0988E527CB1D0600F9CE6D /* Base */ = {isa = PBXFileReference; lastKnownFileType = file.storyboard; name = Base; path = Base.lproj/LaunchScreen.storyboard; sourceTree = "<group>"; };
		2C0988E727CB1D0600F9CE6D /* Info.plist */ = {isa = PBXFileReference; lastKnownFileType = text.plist.xml; path = Info.plist; sourceTree = "<group>"; };
		2C0988EC27CB1D0700F9CE6D /* FlixTests.xctest */ = {isa = PBXFileReference; explicitFileType = wrapper.cfbundle; includeInIndex = 0; path = FlixTests.xctest; sourceTree = BUILT_PRODUCTS_DIR; };
		2C0988F027CB1D0700F9CE6D /* FlixTests.swift */ = {isa = PBXFileReference; lastKnownFileType = sourcecode.swift; path = FlixTests.swift; sourceTree = "<group>"; };
		2C0988F627CB1D0700F9CE6D /* FlixUITests.xctest */ = {isa = PBXFileReference; explicitFileType = wrapper.cfbundle; includeInIndex = 0; path = FlixUITests.xctest; sourceTree = BUILT_PRODUCTS_DIR; };
		2C0988FA27CB1D0700F9CE6D /* FlixUITests.swift */ = {isa = PBXFileReference; lastKnownFileType = sourcecode.swift; path = FlixUITests.swift; sourceTree = "<group>"; };
		2C0988FC27CB1D0700F9CE6D /* FlixUITestsLaunchTests.swift */ = {isa = PBXFileReference; lastKnownFileType = sourcecode.swift; path = FlixUITestsLaunchTests.swift; sourceTree = "<group>"; };
		2C09890927CB337C00F9CE6D /* MoviesViewController.swift */ = {isa = PBXFileReference; lastKnownFileType = sourcecode.swift; path = MoviesViewController.swift; sourceTree = "<group>"; };
		2C09890B27CC230400F9CE6D /* MovieCell.swift */ = {isa = PBXFileReference; lastKnownFileType = sourcecode.swift; path = MovieCell.swift; sourceTree = "<group>"; };
/* End PBXFileReference section */

/* Begin PBXFrameworksBuildPhase section */
		2C0988D327CB1CFB00F9CE6D /* Frameworks */ = {
			isa = PBXFrameworksBuildPhase;
			buildActionMask = 2147483647;
			files = (
				2C09890F27CC289100F9CE6D /* AlamofireImage in Frameworks */,
			);
			runOnlyForDeploymentPostprocessing = 0;
		};
		2C0988E927CB1D0700F9CE6D /* Frameworks */ = {
			isa = PBXFrameworksBuildPhase;
			buildActionMask = 2147483647;
			files = (
			);
			runOnlyForDeploymentPostprocessing = 0;
		};
		2C0988F327CB1D0700F9CE6D /* Frameworks */ = {
			isa = PBXFrameworksBuildPhase;
			buildActionMask = 2147483647;
			files = (
			);
			runOnlyForDeploymentPostprocessing = 0;
		};
/* End PBXFrameworksBuildPhase section */

/* Begin PBXGroup section */
		2C0988CD27CB1CFB00F9CE6D = {
			isa = PBXGroup;
			children = (
				2C0988D827CB1CFB00F9CE6D /* Flix */,
				2C0988EF27CB1D0700F9CE6D /* FlixTests */,
				2C0988F927CB1D0700F9CE6D /* FlixUITests */,
				2C0988D727CB1CFB00F9CE6D /* Products */,
			);
			sourceTree = "<group>";
		};
		2C0988D727CB1CFB00F9CE6D /* Products */ = {
			isa = PBXGroup;
			children = (
				2C0988D627CB1CFB00F9CE6D /* Flix.app */,
				2C0988EC27CB1D0700F9CE6D /* FlixTests.xctest */,
				2C0988F627CB1D0700F9CE6D /* FlixUITests.xctest */,
			);
			name = Products;
			sourceTree = "<group>";
		};
		2C0988D827CB1CFB00F9CE6D /* Flix */ = {
			isa = PBXGroup;
			children = (
				2C09890B27CC230400F9CE6D /* MovieCell.swift */,
				2C0988D927CB1CFB00F9CE6D /* AppDelegate.swift */,
				2C0988DB27CB1CFB00F9CE6D /* SceneDelegate.swift */,
				2C0988DD27CB1CFB00F9CE6D /* ViewController.swift */,
				2C09890927CB337C00F9CE6D /* MoviesViewController.swift */,
				2C0988DF27CB1CFC00F9CE6D /* Main.storyboard */,
				2C0988E227CB1D0600F9CE6D /* Assets.xcassets */,
				2C0988E427CB1D0600F9CE6D /* LaunchScreen.storyboard */,
				2C0988E727CB1D0600F9CE6D /* Info.plist */,
			);
			path = Flix;
			sourceTree = "<group>";
		};
		2C0988EF27CB1D0700F9CE6D /* FlixTests */ = {
			isa = PBXGroup;
			children = (
				2C0988F027CB1D0700F9CE6D /* FlixTests.swift */,
			);
			path = FlixTests;
			sourceTree = "<group>";
		};
		2C0988F927CB1D0700F9CE6D /* FlixUITests */ = {
			isa = PBXGroup;
			children = (
				2C0988FA27CB1D0700F9CE6D /* FlixUITests.swift */,
				2C0988FC27CB1D0700F9CE6D /* FlixUITestsLaunchTests.swift */,
			);
			path = FlixUITests;
			sourceTree = "<group>";
		};
/* End PBXGroup section */

/* Begin PBXNativeTarget section */
		2C0988D527CB1CFB00F9CE6D /* Flix */ = {
			isa = PBXNativeTarget;
			buildConfigurationList = 2C09890027CB1D0700F9CE6D /* Build configuration list for PBXNativeTarget "Flix" */;
			buildPhases = (
				2C0988D227CB1CFB00F9CE6D /* Sources */,
				2C0988D327CB1CFB00F9CE6D /* Frameworks */,
				2C0988D427CB1CFB00F9CE6D /* Resources */,
			);
			buildRules = (
			);
			dependencies = (
			);
			name = Flix;
			packageProductDependencies = (
				2C09890E27CC289100F9CE6D /* AlamofireImage */,
			);
			productName = Flix;
			productReference = 2C0988D627CB1CFB00F9CE6D /* Flix.app */;
			productType = "com.apple.product-type.application";
		};
		2C0988EB27CB1D0700F9CE6D /* FlixTests */ = {
			isa = PBXNativeTarget;
			buildConfigurationList = 2C09890327CB1D0700F9CE6D /* Build configuration list for PBXNativeTarget "FlixTests" */;
			buildPhases = (
				2C0988E827CB1D0700F9CE6D /* Sources */,
				2C0988E927CB1D0700F9CE6D /* Frameworks */,
				2C0988EA27CB1D0700F9CE6D /* Resources */,
			);
			buildRules = (
			);
			dependencies = (
				2C0988EE27CB1D0700F9CE6D /* PBXTargetDependency */,
			);
			name = FlixTests;
			productName = FlixTests;
			productReference = 2C0988EC27CB1D0700F9CE6D /* FlixTests.xctest */;
			productType = "com.apple.product-type.bundle.unit-test";
		};
		2C0988F527CB1D0700F9CE6D /* FlixUITests */ = {
			isa = PBXNativeTarget;
			buildConfigurationList = 2C09890627CB1D0700F9CE6D /* Build configuration list for PBXNativeTarget "FlixUITests" */;
			buildPhases = (
				2C0988F227CB1D0700F9CE6D /* Sources */,
				2C0988F327CB1D0700F9CE6D /* Frameworks */,
				2C0988F427CB1D0700F9CE6D /* Resources */,
			);
			buildRules = (
			);
			dependencies = (
				2C0988F827CB1D0700F9CE6D /* PBXTargetDependency */,
			);
			name = FlixUITests;
			productName = FlixUITests;
			productReference = 2C0988F627CB1D0700F9CE6D /* FlixUITests.xctest */;
			productType = "com.apple.product-type.bundle.ui-testing";
		};
/* End PBXNativeTarget section */

/* Begin PBXProject section */
		2C0988CE27CB1CFB00F9CE6D /* Project object */ = {
			isa = PBXProject;
			attributes = {
				BuildIndependentTargetsInParallel = 1;
				LastSwiftUpdateCheck = 1320;
				LastUpgradeCheck = 1320;
				TargetAttributes = {
					2C0988D527CB1CFB00F9CE6D = {
						CreatedOnToolsVersion = 13.2.1;
					};
					2C0988EB27CB1D0700F9CE6D = {
						CreatedOnToolsVersion = 13.2.1;
						TestTargetID = 2C0988D527CB1CFB00F9CE6D;
					};
					2C0988F527CB1D0700F9CE6D = {
						CreatedOnToolsVersion = 13.2.1;
						TestTargetID = 2C0988D527CB1CFB00F9CE6D;
					};
				};
			};
			buildConfigurationList = 2C0988D127CB1CFB00F9CE6D /* Build configuration list for PBXProject "Flix" */;
			compatibilityVersion = "Xcode 13.0";
			developmentRegion = en;
			hasScannedForEncodings = 0;
			knownRegions = (
				en,
				Base,
			);
			mainGroup = 2C0988CD27CB1CFB00F9CE6D;
			packageReferences = (
				2C09890D27CC289100F9CE6D /* XCRemoteSwiftPackageReference "AlamofireImage" */,
			);
			productRefGroup = 2C0988D727CB1CFB00F9CE6D /* Products */;
			projectDirPath = "";
			projectRoot = "";
			targets = (
				2C0988D527CB1CFB00F9CE6D /* Flix */,
				2C0988EB27CB1D0700F9CE6D /* FlixTests */,
				2C0988F527CB1D0700F9CE6D /* FlixUITests */,
			);
		};
/* End PBXProject section */

/* Begin PBXResourcesBuildPhase section */
		2C0988D427CB1CFB00F9CE6D /* Resources */ = {
			isa = PBXResourcesBuildPhase;
			buildActionMask = 2147483647;
			files = (
				2C0988E627CB1D0600F9CE6D /* LaunchScreen.storyboard in Resources */,
				2C0988E327CB1D0600F9CE6D /* Assets.xcassets in Resources */,
				2C0988E127CB1CFC00F9CE6D /* Main.storyboard in Resources */,
			);
			runOnlyForDeploymentPostprocessing = 0;
		};
		2C0988EA27CB1D0700F9CE6D /* Resources */ = {
			isa = PBXResourcesBuildPhase;
			buildActionMask = 2147483647;
			files = (
			);
			runOnlyForDeploymentPostprocessing = 0;
		};
		2C0988F427CB1D0700F9CE6D /* Resources */ = {
			isa = PBXResourcesBuildPhase;
			buildActionMask = 2147483647;
			files = (
			);
			runOnlyForDeploymentPostprocessing = 0;
		};
/* End PBXResourcesBuildPhase section */

/* Begin PBXSourcesBuildPhase section */
		2C0988D227CB1CFB00F9CE6D /* Sources */ = {
			isa = PBXSourcesBuildPhase;
			buildActionMask = 2147483647;
			files = (
				2C0988DE27CB1CFB00F9CE6D /* ViewController.swift in Sources */,
				2C0988DA27CB1CFB00F9CE6D /* AppDelegate.swift in Sources */,
				2C0988DC27CB1CFB00F9CE6D /* SceneDelegate.swift in Sources */,
				2C09890C27CC230400F9CE6D /* MovieCell.swift in Sources */,
				2C09890A27CB337C00F9CE6D /* MoviesViewController.swift in Sources */,
			);
			runOnlyForDeploymentPostprocessing = 0;
		};
		2C0988E827CB1D0700F9CE6D /* Sources */ = {
			isa = PBXSourcesBuildPhase;
			buildActionMask = 2147483647;
			files = (
				2C0988F127CB1D0700F9CE6D /* FlixTests.swift in Sources */,
			);
			runOnlyForDeploymentPostprocessing = 0;
		};
		2C0988F227CB1D0700F9CE6D /* Sources */ = {
			isa = PBXSourcesBuildPhase;
			buildActionMask = 2147483647;
			files = (
				2C0988FB27CB1D0700F9CE6D /* FlixUITests.swift in Sources */,
				2C0988FD27CB1D0700F9CE6D /* FlixUITestsLaunchTests.swift in Sources */,
			);
			runOnlyForDeploymentPostprocessing = 0;
		};
/* End PBXSourcesBuildPhase section */

/* Begin PBXTargetDependency section */
		2C0988EE27CB1D0700F9CE6D /* PBXTargetDependency */ = {
			isa = PBXTargetDependency;
			target = 2C0988D527CB1CFB00F9CE6D /* Flix */;
			targetProxy = 2C0988ED27CB1D0700F9CE6D /* PBXContainerItemProxy */;
		};
		2C0988F827CB1D0700F9CE6D /* PBXTargetDependency */ = {
			isa = PBXTargetDependency;
			target = 2C0988D527CB1CFB00F9CE6D /* Flix */;
			targetProxy = 2C0988F727CB1D0700F9CE6D /* PBXContainerItemProxy */;
		};
/* End PBXTargetDependency section */

/* Begin PBXVariantGroup section */
		2C0988DF27CB1CFC00F9CE6D /* Main.storyboard */ = {
			isa = PBXVariantGroup;
			children = (
				2C0988E027CB1CFC00F9CE6D /* Base */,
			);
			name = Main.storyboard;
			sourceTree = "<group>";
		};
		2C0988E427CB1D0600F9CE6D /* LaunchScreen.storyboard */ = {
			isa = PBXVariantGroup;
			children = (
				2C0988E527CB1D0600F9CE6D /* Base */,
			);
			name = LaunchScreen.storyboard;
			sourceTree = "<group>";
		};
/* End PBXVariantGroup section */

/* Begin XCBuildConfiguration section */
		2C0988FE27CB1D0700F9CE6D /* Debug */ = {
			isa = XCBuildConfiguration;
			buildSettings = {
				ALWAYS_SEARCH_USER_PATHS = NO;
				CLANG_ANALYZER_NONNULL = YES;
				CLANG_ANALYZER_NUMBER_OBJECT_CONVERSION = YES_AGGRESSIVE;
				CLANG_CXX_LANGUAGE_STANDARD = "gnu++17";
				CLANG_CXX_LIBRARY = "libc++";
				CLANG_ENABLE_MODULES = YES;
				CLANG_ENABLE_OBJC_ARC = YES;
				CLANG_ENABLE_OBJC_WEAK = YES;
				CLANG_WARN_BLOCK_CAPTURE_AUTORELEASING = YES;
				CLANG_WARN_BOOL_CONVERSION = YES;
				CLANG_WARN_COMMA = YES;
				CLANG_WARN_CONSTANT_CONVERSION = YES;
				CLANG_WARN_DEPRECATED_OBJC_IMPLEMENTATIONS = YES;
				CLANG_WARN_DIRECT_OBJC_ISA_USAGE = YES_ERROR;
				CLANG_WARN_DOCUMENTATION_COMMENTS = YES;
				CLANG_WARN_EMPTY_BODY = YES;
				CLANG_WARN_ENUM_CONVERSION = YES;
				CLANG_WARN_INFINITE_RECURSION = YES;
				CLANG_WARN_INT_CONVERSION = YES;
				CLANG_WARN_NON_LITERAL_NULL_CONVERSION = YES;
				CLANG_WARN_OBJC_IMPLICIT_RETAIN_SELF = YES;
				CLANG_WARN_OBJC_LITERAL_CONVERSION = YES;
				CLANG_WARN_OBJC_ROOT_CLASS = YES_ERROR;
				CLANG_WARN_QUOTED_INCLUDE_IN_FRAMEWORK_HEADER = YES;
				CLANG_WARN_RANGE_LOOP_ANALYSIS = YES;
				CLANG_WARN_STRICT_PROTOTYPES = YES;
				CLANG_WARN_SUSPICIOUS_MOVE = YES;
				CLANG_WARN_UNGUARDED_AVAILABILITY = YES_AGGRESSIVE;
				CLANG_WARN_UNREACHABLE_CODE = YES;
				CLANG_WARN__DUPLICATE_METHOD_MATCH = YES;
				COPY_PHASE_STRIP = NO;
				DEBUG_INFORMATION_FORMAT = dwarf;
				ENABLE_STRICT_OBJC_MSGSEND = YES;
				ENABLE_TESTABILITY = YES;
				GCC_C_LANGUAGE_STANDARD = gnu11;
				GCC_DYNAMIC_NO_PIC = NO;
				GCC_NO_COMMON_BLOCKS = YES;
				GCC_OPTIMIZATION_LEVEL = 0;
				GCC_PREPROCESSOR_DEFINITIONS = (
					"DEBUG=1",
					"$(inherited)",
				);
				GCC_WARN_64_TO_32_BIT_CONVERSION = YES;
				GCC_WARN_ABOUT_RETURN_TYPE = YES_ERROR;
				GCC_WARN_UNDECLARED_SELECTOR = YES;
				GCC_WARN_UNINITIALIZED_AUTOS = YES_AGGRESSIVE;
				GCC_WARN_UNUSED_FUNCTION = YES;
				GCC_WARN_UNUSED_VARIABLE = YES;
				IPHONEOS_DEPLOYMENT_TARGET = 15.2;
				MTL_ENABLE_DEBUG_INFO = INCLUDE_SOURCE;
				MTL_FAST_MATH = YES;
				ONLY_ACTIVE_ARCH = YES;
				SDKROOT = iphoneos;
				SWIFT_ACTIVE_COMPILATION_CONDITIONS = DEBUG;
				SWIFT_OPTIMIZATION_LEVEL = "-Onone";
			};
			name = Debug;
		};
		2C0988FF27CB1D0700F9CE6D /* Release */ = {
			isa = XCBuildConfiguration;
			buildSettings = {
				ALWAYS_SEARCH_USER_PATHS = NO;
				CLANG_ANALYZER_NONNULL = YES;
				CLANG_ANALYZER_NUMBER_OBJECT_CONVERSION = YES_AGGRESSIVE;
				CLANG_CXX_LANGUAGE_STANDARD = "gnu++17";
				CLANG_CXX_LIBRARY = "libc++";
				CLANG_ENABLE_MODULES = YES;
				CLANG_ENABLE_OBJC_ARC = YES;
				CLANG_ENABLE_OBJC_WEAK = YES;
				CLANG_WARN_BLOCK_CAPTURE_AUTORELEASING = YES;
				CLANG_WARN_BOOL_CONVERSION = YES;
				CLANG_WARN_COMMA = YES;
				CLANG_WARN_CONSTANT_CONVERSION = YES;
				CLANG_WARN_DEPRECATED_OBJC_IMPLEMENTATIONS = YES;
				CLANG_WARN_DIRECT_OBJC_ISA_USAGE = YES_ERROR;
				CLANG_WARN_DOCUMENTATION_COMMENTS = YES;
				CLANG_WARN_EMPTY_BODY = YES;
				CLANG_WARN_ENUM_CONVERSION = YES;
				CLANG_WARN_INFINITE_RECURSION = YES;
				CLANG_WARN_INT_CONVERSION = YES;
				CLANG_WARN_NON_LITERAL_NULL_CONVERSION = YES;
				CLANG_WARN_OBJC_IMPLICIT_RETAIN_SELF = YES;
				CLANG_WARN_OBJC_LITERAL_CONVERSION = YES;
				CLANG_WARN_OBJC_ROOT_CLASS = YES_ERROR;
				CLANG_WARN_QUOTED_INCLUDE_IN_FRAMEWORK_HEADER = YES;
				CLANG_WARN_RANGE_LOOP_ANALYSIS = YES;
				CLANG_WARN_STRICT_PROTOTYPES = YES;
				CLANG_WARN_SUSPICIOUS_MOVE = YES;
				CLANG_WARN_UNGUARDED_AVAILABILITY = YES_AGGRESSIVE;
				CLANG_WARN_UNREACHABLE_CODE = YES;
				CLANG_WARN__DUPLICATE_METHOD_MATCH = YES;
				COPY_PHASE_STRIP = NO;
				DEBUG_INFORMATION_FORMAT = "dwarf-with-dsym";
				ENABLE_NS_ASSERTIONS = NO;
				ENABLE_STRICT_OBJC_MSGSEND = YES;
				GCC_C_LANGUAGE_STANDARD = gnu11;
				GCC_NO_COMMON_BLOCKS = YES;
				GCC_WARN_64_TO_32_BIT_CONVERSION = YES;
				GCC_WARN_ABOUT_RETURN_TYPE = YES_ERROR;
				GCC_WARN_UNDECLARED_SELECTOR = YES;
				GCC_WARN_UNINITIALIZED_AUTOS = YES_AGGRESSIVE;
				GCC_WARN_UNUSED_FUNCTION = YES;
				GCC_WARN_UNUSED_VARIABLE = YES;
				IPHONEOS_DEPLOYMENT_TARGET = 15.2;
				MTL_ENABLE_DEBUG_INFO = NO;
				MTL_FAST_MATH = YES;
				SDKROOT = iphoneos;
				SWIFT_COMPILATION_MODE = wholemodule;
				SWIFT_OPTIMIZATION_LEVEL = "-O";
				VALIDATE_PRODUCT = YES;
			};
			name = Release;
		};
		2C09890127CB1D0700F9CE6D /* Debug */ = {
			isa = XCBuildConfiguration;
			buildSettings = {
				ASSETCATALOG_COMPILER_APPICON_NAME = AppIcon;
				ASSETCATALOG_COMPILER_GLOBAL_ACCENT_COLOR_NAME = AccentColor;
				CODE_SIGN_STYLE = Automatic;
				CURRENT_PROJECT_VERSION = 1;
				DEVELOPMENT_TEAM = 9DBV78YTLU;
				GENERATE_INFOPLIST_FILE = YES;
				INFOPLIST_FILE = Flix/Info.plist;
				INFOPLIST_KEY_UIApplicationSupportsIndirectInputEvents = YES;
				INFOPLIST_KEY_UILaunchStoryboardName = LaunchScreen;
				INFOPLIST_KEY_UIMainStoryboardFile = Main;
				INFOPLIST_KEY_UISupportedInterfaceOrientations_iPad = "UIInterfaceOrientationPortrait UIInterfaceOrientationPortraitUpsideDown UIInterfaceOrientationLandscapeLeft UIInterfaceOrientationLandscapeRight";
				INFOPLIST_KEY_UISupportedInterfaceOrientations_iPhone = "UIInterfaceOrientationPortrait UIInterfaceOrientationLandscapeLeft UIInterfaceOrientationLandscapeRight";
				LD_RUNPATH_SEARCH_PATHS = (
					"$(inherited)",
					"@executable_path/Frameworks",
				);
				MARKETING_VERSION = 1.0;
				PRODUCT_BUNDLE_IDENTIFIER = com.codepath.Flix;
				PRODUCT_NAME = "$(TARGET_NAME)";
				SWIFT_EMIT_LOC_STRINGS = YES;
				SWIFT_VERSION = 5.0;
				TARGETED_DEVICE_FAMILY = "1,2";
			};
			name = Debug;
		};
		2C09890227CB1D0700F9CE6D /* Release */ = {
			isa = XCBuildConfiguration;
			buildSettings = {
				ASSETCATALOG_COMPILER_APPICON_NAME = AppIcon;
				ASSETCATALOG_COMPILER_GLOBAL_ACCENT_COLOR_NAME = AccentColor;
				CODE_SIGN_STYLE = Automatic;
				CURRENT_PROJECT_VERSION = 1;
				DEVELOPMENT_TEAM = 9DBV78YTLU;
				GENERATE_INFOPLIST_FILE = YES;
				INFOPLIST_FILE = Flix/Info.plist;
				INFOPLIST_KEY_UIApplicationSupportsIndirectInputEvents = YES;
				INFOPLIST_KEY_UILaunchStoryboardName = LaunchScreen;
				INFOPLIST_KEY_UIMainStoryboardFile = Main;
				INFOPLIST_KEY_UISupportedInterfaceOrientations_iPad = "UIInterfaceOrientationPortrait UIInterfaceOrientationPortraitUpsideDown UIInterfaceOrientationLandscapeLeft UIInterfaceOrientationLandscapeRight";
				INFOPLIST_KEY_UISupportedInterfaceOrientations_iPhone = "UIInterfaceOrientationPortrait UIInterfaceOrientationLandscapeLeft UIInterfaceOrientationLandscapeRight";
				LD_RUNPATH_SEARCH_PATHS = (
					"$(inherited)",
					"@executable_path/Frameworks",
				);
				MARKETING_VERSION = 1.0;
				PRODUCT_BUNDLE_IDENTIFIER = com.codepath.Flix;
				PRODUCT_NAME = "$(TARGET_NAME)";
				SWIFT_EMIT_LOC_STRINGS = YES;
				SWIFT_VERSION = 5.0;
				TARGETED_DEVICE_FAMILY = "1,2";
			};
			name = Release;
		};
		2C09890427CB1D0700F9CE6D /* Debug */ = {
			isa = XCBuildConfiguration;
			buildSettings = {
				ALWAYS_EMBED_SWIFT_STANDARD_LIBRARIES = YES;
				BUNDLE_LOADER = "$(TEST_HOST)";
				CODE_SIGN_STYLE = Automatic;
				CURRENT_PROJECT_VERSION = 1;
				GENERATE_INFOPLIST_FILE = YES;
				IPHONEOS_DEPLOYMENT_TARGET = 15.2;
				MARKETING_VERSION = 1.0;
				PRODUCT_BUNDLE_IDENTIFIER = com.codepath.FlixTests;
				PRODUCT_NAME = "$(TARGET_NAME)";
				SWIFT_EMIT_LOC_STRINGS = NO;
				SWIFT_VERSION = 5.0;
				TARGETED_DEVICE_FAMILY = "1,2";
				TEST_HOST = "$(BUILT_PRODUCTS_DIR)/Flix.app/Flix";
			};
			name = Debug;
		};
		2C09890527CB1D0700F9CE6D /* Release */ = {
			isa = XCBuildConfiguration;
			buildSettings = {
				ALWAYS_EMBED_SWIFT_STANDARD_LIBRARIES = YES;
				BUNDLE_LOADER = "$(TEST_HOST)";
				CODE_SIGN_STYLE = Automatic;
				CURRENT_PROJECT_VERSION = 1;
				GENERATE_INFOPLIST_FILE = YES;
				IPHONEOS_DEPLOYMENT_TARGET = 15.2;
				MARKETING_VERSION = 1.0;
				PRODUCT_BUNDLE_IDENTIFIER = com.codepath.FlixTests;
				PRODUCT_NAME = "$(TARGET_NAME)";
				SWIFT_EMIT_LOC_STRINGS = NO;
				SWIFT_VERSION = 5.0;
				TARGETED_DEVICE_FAMILY = "1,2";
				TEST_HOST = "$(BUILT_PRODUCTS_DIR)/Flix.app/Flix";
			};
			name = Release;
		};
		2C09890727CB1D0700F9CE6D /* Debug */ = {
			isa = XCBuildConfiguration;
			buildSettings = {
				ALWAYS_EMBED_SWIFT_STANDARD_LIBRARIES = YES;
				CODE_SIGN_STYLE = Automatic;
				CURRENT_PROJECT_VERSION = 1;
				GENERATE_INFOPLIST_FILE = YES;
				MARKETING_VERSION = 1.0;
				PRODUCT_BUNDLE_IDENTIFIER = com.codepath.FlixUITests;
				PRODUCT_NAME = "$(TARGET_NAME)";
				SWIFT_EMIT_LOC_STRINGS = NO;
				SWIFT_VERSION = 5.0;
				TARGETED_DEVICE_FAMILY = "1,2";
				TEST_TARGET_NAME = Flix;
			};
			name = Debug;
		};
		2C09890827CB1D0700F9CE6D /* Release */ = {
			isa = XCBuildConfiguration;
			buildSettings = {
				ALWAYS_EMBED_SWIFT_STANDARD_LIBRARIES = YES;
				CODE_SIGN_STYLE = Automatic;
				CURRENT_PROJECT_VERSION = 1;
				GENERATE_INFOPLIST_FILE = YES;
				MARKETING_VERSION = 1.0;
				PRODUCT_BUNDLE_IDENTIFIER = com.codepath.FlixUITests;
				PRODUCT_NAME = "$(TARGET_NAME)";
				SWIFT_EMIT_LOC_STRINGS = NO;
				SWIFT_VERSION = 5.0;
				TARGETED_DEVICE_FAMILY = "1,2";
				TEST_TARGET_NAME = Flix;
			};
			name = Release;
		};
/* End XCBuildConfiguration section */

/* Begin XCConfigurationList section */
		2C0988D127CB1CFB00F9CE6D /* Build configuration list for PBXProject "Flix" */ = {
			isa = XCConfigurationList;
			buildConfigurations = (
				2C0988FE27CB1D0700F9CE6D /* Debug */,
				2C0988FF27CB1D0700F9CE6D /* Release */,
			);
			defaultConfigurationIsVisible = 0;
			defaultConfigurationName = Release;
		};
		2C09890027CB1D0700F9CE6D /* Build configuration list for PBXNativeTarget "Flix" */ = {
			isa = XCConfigurationList;
			buildConfigurations = (
				2C09890127CB1D0700F9CE6D /* Debug */,
				2C09890227CB1D0700F9CE6D /* Release */,
			);
			defaultConfigurationIsVisible = 0;
			defaultConfigurationName = Release;
		};
		2C09890327CB1D0700F9CE6D /* Build configuration list for PBXNativeTarget "FlixTests" */ = {
			isa = XCConfigurationList;
			buildConfigurations = (
				2C09890427CB1D0700F9CE6D /* Debug */,
				2C09890527CB1D0700F9CE6D /* Release */,
			);
			defaultConfigurationIsVisible = 0;
			defaultConfigurationName = Release;
		};
		2C09890627CB1D0700F9CE6D /* Build configuration list for PBXNativeTarget "FlixUITests" */ = {
			isa = XCConfigurationList;
			buildConfigurations = (
				2C09890727CB1D0700F9CE6D /* Debug */,
				2C09890827CB1D0700F9CE6D /* Release */,
			);
			defaultConfigurationIsVisible = 0;
			defaultConfigurationName = Release;
		};
/* End XCConfigurationList section */

/* Begin XCRemoteSwiftPackageReference section */
		2C09890D27CC289100F9CE6D /* XCRemoteSwiftPackageReference "AlamofireImage" */ = {
			isa = XCRemoteSwiftPackageReference;
			repositoryURL = "https://github.com/Alamofire/AlamofireImage";
			requirement = {
				kind = upToNextMajorVersion;
				minimumVersion = 4.0.0;
			};
		};
/* End XCRemoteSwiftPackageReference section */

/* Begin XCSwiftPackageProductDependency section */
		2C09890E27CC289100F9CE6D /* AlamofireImage */ = {
			isa = XCSwiftPackageProductDependency;
			package = 2C09890D27CC289100F9CE6D /* XCRemoteSwiftPackageReference "AlamofireImage" */;
			productName = AlamofireImage;
		};
/* End XCSwiftPackageProductDependency section */
	};
	rootObject = 2C0988CE27CB1CFB00F9CE6D /* Project object */;
}
